{
  "object": {
    "pins": [
      {
        "package": "TagLib",
        "repositoryURL": "https://github.com/NCrusher74/TagLib-SPM",
        "state": {
          "branch": "minor-changes-to-frames",
          "revision": "f14a1cb81470b085a12c9e802c1194d3729148e9",
          "version": null
        }
      }
    ]
  },
  "version": 1
}
